Microsoft Visual Studio Solution File, Format Version 11.00
# Visual Studio 2008

Project("{AA0481F0-A02D-1C4E-B91D-419340A2B6F9}") = "Final projetct 1600", "Assembly-CSharp.csproj", "{D86AC4B9-7F28-C17B-AF0D-F2838EADD5AE}"
EndProject
Global
	GlobalSection(SolutionConfigurationPlatforms) = preSolution
		Debug|Any CPU = Debug|Any CPU
		Release|Any CPU = Release|Any CPU
	EndGlobalSection
	GlobalSection(ProjectConfigurationPlatforms) = postSolution
		{D86AC4B9-7F28-C17B-AF0D-F2838EADD5AE}.Debug|Any CPU.ActiveCfg = Debug|Any CPU
		{D86AC4B9-7F28-C17B-AF0D-F2838EADD5AE}.Debug|Any CPU.Build.0 = Debug|Any CPU
		{D86AC4B9-7F28-C17B-AF0D-F2838EADD5AE}.Release|Any CPU.ActiveCfg = Release|Any CPU
		{D86AC4B9-7F28-C17B-AF0D-F2838EADD5AE}.Release|Any CPU.Build.0 = Release|Any CPU
	EndGlobalSection
	GlobalSection(SolutionProperties) = preSolution
		HideSolutionNode = FALSE
	EndGlobalSection
					GlobalSection(MonoDevelopProperties) = preSolution
		StartupItem = Assembly-CSharp.csproj
		Policies = $0
		$0.TextStylePolicy = $1
		$1.inheritsSet = null
		$1.scope = text/x-csharp
		$0.CSharpFormattingPolicy = $2
		$2.inheritsSet = Mono
		$2.inheritsScope = text/x-csharp
		$2.scope = text/x-csharp
		$0.TextStylePolicy = $3
		$3.FileWidth = 120
		$3.TabWidth = 4
		$3.IndentWidth = 4
		$3.EolMarker = Unix
		$3.inheritsSet = Mono
		$3.inheritsScope = text/plain
		$3.scope = text/plain
	EndGlobalSection

EndGlobal
